
Microsoft Visual Studio Solution File, Format Version 12.00
# Visual Studio Version 17
VisualStudioVersion = 17.14.36127.28 d17.14
MinimumVisualStudioVersion = 10.0.40219.1
Project("{FAE04EC0-301F-11D3-BF4B-00C04F79EFBC}") = "WeatherApp", "WeatherApp.csproj", "{1A844E9B-C7A0-42E3-8C8C-96DF8533C49A}"
EndProject
Project("{FAE04EC0-301F-11D3-BF4B-00C04F79EFBC}") = "WeatherApp.Api", "..\WeatherApp.Api\WeatherApp.Api.csproj", "{8AFA1809-BA3B-4535-B838-D81AF1263155}"
EndProject
Global
	GlobalSection(SolutionConfigurationPlatforms) = preSolution
		Debug|Any CPU = Debug|Any CPU
		Release|Any CPU = Release|Any CPU
	EndGlobalSection
	GlobalSection(ProjectConfigurationPlatforms) = postSolution
		{1A844E9B-C7A0-42E3-8C8C-96DF8533C49A}.Debug|Any CPU.ActiveCfg = Debug|Any CPU
		{1A844E9B-C7A0-42E3-8C8C-96DF8533C49A}.Debug|Any CPU.Build.0 = Debug|Any CPU
		{1A844E9B-C7A0-42E3-8C8C-96DF8533C49A}.Release|Any CPU.ActiveCfg = Release|Any CPU
		{1A844E9B-C7A0-42E3-8C8C-96DF8533C49A}.Release|Any CPU.Build.0 = Release|Any CPU
		{8AFA1809-BA3B-4535-B838-D81AF1263155}.Debug|Any CPU.ActiveCfg = Debug|Any CPU
		{8AFA1809-BA3B-4535-B838-D81AF1263155}.Debug|Any CPU.Build.0 = Debug|Any CPU
		{8AFA1809-BA3B-4535-B838-D81AF1263155}.Release|Any CPU.ActiveCfg = Release|Any CPU
		{8AFA1809-BA3B-4535-B838-D81AF1263155}.Release|Any CPU.Build.0 = Release|Any CPU
	EndGlobalSection
	GlobalSection(SolutionProperties) = preSolution
		HideSolutionNode = FALSE
	EndGlobalSection
	GlobalSection(ExtensibilityGlobals) = postSolution
		SolutionGuid = {F2EACC93-48A4-4C93-9DC2-1D03A3C3ED6B}
	EndGlobalSection
EndGlobal
