
Microsoft Visual Studio Solution File, Format Version 12.00
# Visual Studio Version 17
VisualStudioVersion = 17.14.36127.28 d17.14
MinimumVisualStudioVersion = 10.0.40219.1
Project("{FAE04EC0-301F-11D3-BF4B-00C04F79EFBC}") = "QuizApp", "QuizApp\QuizApp.csproj", "{13AF7082-5E9E-43C8-A35C-895FF17E67B2}"
EndProject
Project("{FAE04EC0-301F-11D3-BF4B-00C04F79EFBC}") = "QuizApp.Client", "QuizApp.Client\QuizApp.Client.csproj", "{E2522AF6-C5F7-4F8C-B756-D72BEA8BB348}"
EndProject
Project("{FAE04EC0-301F-11D3-BF4B-00C04F79EFBC}") = "QuizApp.Shared", "QuizApp.Shared\QuizApp.Shared.csproj", "{EBD3C4EC-A782-4EFD-87C8-6888B1DC1E2D}"
EndProject
Global
	GlobalSection(SolutionConfigurationPlatforms) = preSolution
		Debug|Any CPU = Debug|Any CPU
		Release|Any CPU = Release|Any CPU
	EndGlobalSection
	GlobalSection(ProjectConfigurationPlatforms) = postSolution
		{13AF7082-5E9E-43C8-A35C-895FF17E67B2}.Debug|Any CPU.ActiveCfg = Debug|Any CPU
		{13AF7082-5E9E-43C8-A35C-895FF17E67B2}.Debug|Any CPU.Build.0 = Debug|Any CPU
		{13AF7082-5E9E-43C8-A35C-895FF17E67B2}.Release|Any CPU.ActiveCfg = Release|Any CPU
		{13AF7082-5E9E-43C8-A35C-895FF17E67B2}.Release|Any CPU.Build.0 = Release|Any CPU
		{E2522AF6-C5F7-4F8C-B756-D72BEA8BB348}.Debug|Any CPU.ActiveCfg = Debug|Any CPU
		{E2522AF6-C5F7-4F8C-B756-D72BEA8BB348}.Debug|Any CPU.Build.0 = Debug|Any CPU
		{E2522AF6-C5F7-4F8C-B756-D72BEA8BB348}.Release|Any CPU.ActiveCfg = Release|Any CPU
		{E2522AF6-C5F7-4F8C-B756-D72BEA8BB348}.Release|Any CPU.Build.0 = Release|Any CPU
		{EBD3C4EC-A782-4EFD-87C8-6888B1DC1E2D}.Debug|Any CPU.ActiveCfg = Debug|Any CPU
		{EBD3C4EC-A782-4EFD-87C8-6888B1DC1E2D}.Debug|Any CPU.Build.0 = Debug|Any CPU
		{EBD3C4EC-A782-4EFD-87C8-6888B1DC1E2D}.Release|Any CPU.ActiveCfg = Release|Any CPU
		{EBD3C4EC-A782-4EFD-87C8-6888B1DC1E2D}.Release|Any CPU.Build.0 = Release|Any CPU
	EndGlobalSection
	GlobalSection(SolutionProperties) = preSolution
		HideSolutionNode = FALSE
	EndGlobalSection
	GlobalSection(ExtensibilityGlobals) = postSolution
		SolutionGuid = {A0641960-8BC0-42A9-B630-139BD8372393}
	EndGlobalSection
EndGlobal
