
Microsoft Visual Studio Solution File, Format Version 12.00
# Visual Studio Version 17
VisualStudioVersion = 17.14.36127.28
MinimumVisualStudioVersion = 10.0.40219.1
Project("{FAE04EC0-301F-11D3-BF4B-00C04F79EFBC}") = "BlazorApp15", "BlazorApp15.csproj", "{7A13657B-C6C1-41B1-A4C8-78EBFA2D86F2}"
EndProject
Project("{FAE04EC0-301F-11D3-BF4B-00C04F79EFBC}") = "BlazorApp15.Api", "..\WeatheraApi\BlazorApp15.Api.csproj", "{70EF5CC8-A7F3-494C-9167-68D1F6E15611}"
EndProject
Global
	GlobalSection(SolutionConfigurationPlatforms) = preSolution
		Debug|Any CPU = Debug|Any CPU
		Release|Any CPU = Release|Any CPU
	EndGlobalSection
	GlobalSection(ProjectConfigurationPlatforms) = postSolution
		{7A13657B-C6C1-41B1-A4C8-78EBFA2D86F2}.Debug|Any CPU.ActiveCfg = Debug|Any CPU
		{7A13657B-C6C1-41B1-A4C8-78EBFA2D86F2}.Debug|Any CPU.Build.0 = Debug|Any CPU
		{7A13657B-C6C1-41B1-A4C8-78EBFA2D86F2}.Release|Any CPU.ActiveCfg = Release|Any CPU
		{7A13657B-C6C1-41B1-A4C8-78EBFA2D86F2}.Release|Any CPU.Build.0 = Release|Any CPU
		{70EF5CC8-A7F3-494C-9167-68D1F6E15611}.Debug|Any CPU.ActiveCfg = Debug|Any CPU
		{70EF5CC8-A7F3-494C-9167-68D1F6E15611}.Debug|Any CPU.Build.0 = Debug|Any CPU
		{70EF5CC8-A7F3-494C-9167-68D1F6E15611}.Release|Any CPU.ActiveCfg = Release|Any CPU
		{70EF5CC8-A7F3-494C-9167-68D1F6E15611}.Release|Any CPU.Build.0 = Release|Any CPU
	EndGlobalSection
	GlobalSection(SolutionProperties) = preSolution
		HideSolutionNode = FALSE
	EndGlobalSection
	GlobalSection(ExtensibilityGlobals) = postSolution
		SolutionGuid = {182A6948-1382-43BC-9073-76E496E4164E}
	EndGlobalSection
EndGlobal
