
Microsoft Visual Studio Solution File, Format Version 12.00
# Visual Studio Version 17
VisualStudioVersion = 17.14.36127.28 d17.14
MinimumVisualStudioVersion = 10.0.40219.1
Project("{FAE04EC0-301F-11D3-BF4B-00C04F79EFBC}") = "BlazorApp7", "BlazorApp7.csproj", "{31B2EAE5-B356-4607-80B5-7C962EFA5B8B}"
EndProject
Global
	GlobalSection(SolutionConfigurationPlatforms) = preSolution
		Debug|Any CPU = Debug|Any CPU
		Release|Any CPU = Release|Any CPU
	EndGlobalSection
	GlobalSection(ProjectConfigurationPlatforms) = postSolution
		{31B2EAE5-B356-4607-80B5-7C962EFA5B8B}.Debug|Any CPU.ActiveCfg = Debug|Any CPU
		{31B2EAE5-B356-4607-80B5-7C962EFA5B8B}.Debug|Any CPU.Build.0 = Debug|Any CPU
		{31B2EAE5-B356-4607-80B5-7C962EFA5B8B}.Release|Any CPU.ActiveCfg = Release|Any CPU
		{31B2EAE5-B356-4607-80B5-7C962EFA5B8B}.Release|Any CPU.Build.0 = Release|Any CPU
	EndGlobalSection
	GlobalSection(SolutionProperties) = preSolution
		HideSolutionNode = FALSE
	EndGlobalSection
	GlobalSection(ExtensibilityGlobals) = postSolution
		SolutionGuid = {20C8161B-D4C6-4FCF-959E-D960F0049C63}
	EndGlobalSection
EndGlobal
