
Microsoft Visual Studio Solution File, Format Version 12.00
# Visual Studio Version 17
VisualStudioVersion = 17.14.36127.28 d17.14
MinimumVisualStudioVersion = 10.0.40219.1
Project("{FAE04EC0-301F-11D3-BF4B-00C04F79EFBC}") = "ConsoleApp14", "ConsoleApp14.csproj", "{2805A33A-1DDF-4604-B49F-200A987259EB}"
EndProject
Global
	GlobalSection(SolutionConfigurationPlatforms) = preSolution
		Debug|Any CPU = Debug|Any CPU
		Release|Any CPU = Release|Any CPU
	EndGlobalSection
	GlobalSection(ProjectConfigurationPlatforms) = postSolution
		{2805A33A-1DDF-4604-B49F-200A987259EB}.Debug|Any CPU.ActiveCfg = Debug|Any CPU
		{2805A33A-1DDF-4604-B49F-200A987259EB}.Debug|Any CPU.Build.0 = Debug|Any CPU
		{2805A33A-1DDF-4604-B49F-200A987259EB}.Release|Any CPU.ActiveCfg = Release|Any CPU
		{2805A33A-1DDF-4604-B49F-200A987259EB}.Release|Any CPU.Build.0 = Release|Any CPU
	EndGlobalSection
	GlobalSection(SolutionProperties) = preSolution
		HideSolutionNode = FALSE
	EndGlobalSection
	GlobalSection(ExtensibilityGlobals) = postSolution
		SolutionGuid = {9603ACCD-76EC-4D08-A885-E394AB135C3D}
	EndGlobalSection
EndGlobal
