
Microsoft Visual Studio Solution File, Format Version 12.00
# Visual Studio Version 17
VisualStudioVersion = 17.14.36127.28 d17.14
MinimumVisualStudioVersion = 10.0.40219.1
Project("{FAE04EC0-301F-11D3-BF4B-00C04F79EFBC}") = "BlazorApp14", "BlazorApp14.csproj", "{718ABAC3-57F9-4CEB-AC5B-792AEFCF9CFE}"
EndProject
Global
	GlobalSection(SolutionConfigurationPlatforms) = preSolution
		Debug|Any CPU = Debug|Any CPU
		Release|Any CPU = Release|Any CPU
	EndGlobalSection
	GlobalSection(ProjectConfigurationPlatforms) = postSolution
		{718ABAC3-57F9-4CEB-AC5B-792AEFCF9CFE}.Debug|Any CPU.ActiveCfg = Debug|Any CPU
		{718ABAC3-57F9-4CEB-AC5B-792AEFCF9CFE}.Debug|Any CPU.Build.0 = Debug|Any CPU
		{718ABAC3-57F9-4CEB-AC5B-792AEFCF9CFE}.Release|Any CPU.ActiveCfg = Release|Any CPU
		{718ABAC3-57F9-4CEB-AC5B-792AEFCF9CFE}.Release|Any CPU.Build.0 = Release|Any CPU
	EndGlobalSection
	GlobalSection(SolutionProperties) = preSolution
		HideSolutionNode = FALSE
	EndGlobalSection
	GlobalSection(ExtensibilityGlobals) = postSolution
		SolutionGuid = {87D5CD4F-4BAB-447C-8D0A-7973C8744D9C}
	EndGlobalSection
EndGlobal
